
Microsoft Visual Studio Solution File, Format Version 12.00
# Visual Studio Version 17
VisualStudioVersion = 17.8.34330.188
MinimumVisualStudioVersion = 10.0.40219.1
Project("{FAE04EC0-301F-11D3-BF4B-00C04F79EFBC}") = "Day25", "Day25.csproj", "{0B2A3280-99A4-4758-8090-F8E749BDE3DE}"
EndProject
Global
	GlobalSection(SolutionConfigurationPlatforms) = preSolution
		Debug|Any CPU = Debug|Any CPU
		Release|Any CPU = Release|Any CPU
	EndGlobalSection
	GlobalSection(ProjectConfigurationPlatforms) = postSolution
		{0B2A3280-99A4-4758-8090-F8E749BDE3DE}.Debug|Any CPU.ActiveCfg = Debug|Any CPU
		{0B2A3280-99A4-4758-8090-F8E749BDE3DE}.Debug|Any CPU.Build.0 = Debug|Any CPU
		{0B2A3280-99A4-4758-8090-F8E749BDE3DE}.Release|Any CPU.ActiveCfg = Release|Any CPU
		{0B2A3280-99A4-4758-8090-F8E749BDE3DE}.Release|Any CPU.Build.0 = Release|Any CPU
	EndGlobalSection
	GlobalSection(SolutionProperties) = preSolution
		HideSolutionNode = FALSE
	EndGlobalSection
	GlobalSection(ExtensibilityGlobals) = postSolution
		SolutionGuid = {D65CA2DA-DC0E-41CA-AA6D-0C9C34EBBCC9}
	EndGlobalSection
EndGlobal
